schema: '2.0'
stages:
  fetch:
    cmd: uv run python src/traffic_scraper.py
    deps:
    - path: src/traffic_scraper.py
      hash: md5
      md5: 5618a804d608870792c32f34f5dc95b3
      size: 3572
    params:
      params.yaml:
        fetch.output: data/traffic.csv
        fetch.url: http://portal.drsc.si/traffic/loclist_si.htm
    outs:
    - path: data/traffic.csv
      hash: md5
      md5: 12084e93de9364dd0d4ddd41d6ef4072
      size: 16279757
  preprocess:
    cmd: uv run python src/traffic_preprocess.py
    deps:
    - path: data/traffic.csv
      hash: md5
      md5: 12084e93de9364dd0d4ddd41d6ef4072
      size: 16279757
    - path: src/traffic_preprocess.py
      hash: md5
      md5: b9439fbe54d0ec05b8ec5aa48d733068
      size: 2579
    params:
      params.yaml:
        preprocess.input: data/traffic.csv
        preprocess.output: data/preprocessed/traffic.csv
    outs:
    - path: data/preprocessed/traffic.csv
      hash: md5
      md5: 1fab3396d43a242500f90e5a11ba5c66
      size: 16480045
  validate:
    cmd: "cd gx && uv run python run_checkpoint.py\n"
    deps:
    - path: data/preprocessed/
      hash: md5
      md5: 4b94ea9413de4d9ba606db3d58297734.dir
      size: 16539757
      nfiles: 2
    outs:
    - path: gx/uncommitted
      hash: md5
      md5: 8e3cc6336a059db857efb791c32682b1.dir
      size: 5625378
      nfiles: 52
  test_data:
    cmd: "uv run python src/data_test.py\n"
    deps:
    - path: data/preprocessed/traffic.csv
      hash: md5
      md5: 1fab3396d43a242500f90e5a11ba5c66
      size: 16480045
    - path: src/data_test.py
      hash: md5
      md5: 2c983df9ffcc76f0eefbcae593b0a1ea
      size: 1580
    outs:
    - path: data/reference/traffic.csv
      hash: md5
      md5: 01a6934254c1d39d4df5d4fd52f971b2
      size: 16275256
  train:
    cmd: "uv run --env-file .env python src/model/preprocess.py\ngit commit -am \"\
      Updated model on `date` with DVC pipeline and GitHub workflows\" || true\ngit
      push || true\nuv run dvc push || true\n"
    deps:
    - path: data/preprocessed/traffic.csv
      hash: md5
      md5: d9688be6a4f49edb9db0dce2cefa587d
      size: 10683261
    - path: data/reference/traffic.csv
      hash: md5
      md5: 01a6934254c1d39d4df5d4fd52f971b2
      size: 16275256
    - path: gx/uncommitted
      hash: md5
      md5: 8e3cc6336a059db857efb791c32682b1.dir
      size: 5625378
      nfiles: 52
    - path: src/model/preprocess.py
      hash: md5
      md5: dd56c3e85dca47855e23ef9c06c22947
      size: 24370
    params:
      params.yaml:
        train.model_type: mlp
        train.random_state: 42
        train.test_size: 0.2
        train.use_time_split: true
    outs:
    - path: models/
      hash: md5
      md5: fbf68e3df7afda4a18b15446d995f70d.dir
      size: 3900352
      nfiles: 11
